{
  "name": "server",
  "lockfileVersion": 3,
  "requires": true,
  "packages": {
    "": {
      "dependencies": {
        "cryptr": "^6.4.0",
        "jose": "^6.1.3"
      }
    },
    "node_modules/cryptr": {
      "version": "6.4.0",
      "resolved": "https://registry.npmjs.org/cryptr/-/cryptr-6.4.0.tgz",
      "integrity": "sha512-9jpMU9HMt1vhMUqNO+MPuGEpbh/f7HHZdxrd6L2DMwTuYGyt9pgUJfQyTS1Ei4/sn7qPM4FkjxUoiW79k0x8sA==",
      "license": "MIT"
    },
    "node_modules/jose": {
      "version": "6.1.3",
      "resolved": "https://registry.npmjs.org/jose/-/jose-6.1.3.tgz",
      "integrity": "sha512-0TpaTfihd4QMNwrz/ob2Bp7X04yuxJkjRGi4aKmOqwhov54i6u79oCv7T+C7lo70MKH6BesI3vscD1yb/yzKXQ==",
      "license": "MIT",
      "funding": {
        "url": "https://github.com/sponsors/panva"
      }
    }
  }
}
